
Microsoft Visual Studio Solution File, Format Version 12.00
# Visual Studio Version 17
VisualStudioVersion = 17.4.33213.308
MinimumVisualStudioVersion = 10.0.40219.1
Project("{FAE04EC0-301F-11D3-BF4B-00C04F79EFBC}") = "Customer_Crud", "Customer_Crud\Customer_Crud.csproj", "{872EB309-6645-4E74-8430-3220CC6B8109}"
EndProject
Global
	GlobalSection(SolutionConfigurationPlatforms) = preSolution
		Debug|Any CPU = Debug|Any CPU
		Release|Any CPU = Release|Any CPU
	EndGlobalSection
	GlobalSection(ProjectConfigurationPlatforms) = postSolution
		{872EB309-6645-4E74-8430-3220CC6B8109}.Debug|Any CPU.ActiveCfg = Debug|Any CPU
		{872EB309-6645-4E74-8430-3220CC6B8109}.Debug|Any CPU.Build.0 = Debug|Any CPU
		{872EB309-6645-4E74-8430-3220CC6B8109}.Release|Any CPU.ActiveCfg = Release|Any CPU
		{872EB309-6645-4E74-8430-3220CC6B8109}.Release|Any CPU.Build.0 = Release|Any CPU
	EndGlobalSection
	GlobalSection(SolutionProperties) = preSolution
		HideSolutionNode = FALSE
	EndGlobalSection
	GlobalSection(ExtensibilityGlobals) = postSolution
		SolutionGuid = {3144EF71-03CB-4C51-8C3B-9F399BDC861E}
	EndGlobalSection
EndGlobal
